# Python 3.12 development resolution, generated 2026-08-21.
# Install this file before the editable package for a repeatable local toolchain.
annotated-doc==0.0.5
annotated-types==0.8.0
anyio==4.14.2
cffi==2.1.1
click==8.4.2
coverage==7.15.4
cryptography==46.0.7
editables==0.5
fastapi==0.141.1
h11==0.16.0
hatchling==1.32.0
idna==3.19
iniconfig==2.3.0
joblib==1.5.3
librt==0.15.0
mypy==1.20.2
mypy_extensions==1.1.0
narwhals==2.25.0
numpy==2.5.2
packaging==26.3
pandas==3.0.5
pathspec==1.1.1
pluggy==1.6.0
pyarrow==23.0.1
pycparser==3.0
pydantic==2.13.4
pydantic_core==2.46.4
Pygments==2.21.0
pyswisseph==2.10.3.2
pytest==8.4.2
pytest-cov==6.3.0
python-dateutil==2.9.0.post0
PyYAML==6.0.3
ruff==0.16.4
scikit-learn==1.9.0
scipy==1.18.0
six==1.17.0
starlette==1.6.0
threadpoolctl==3.6.0
tomlkit==0.15.1
trove-classifiers==2026.6.1.19
types-PyYAML==6.0.12.20260815
typing-inspection==0.4.4
typing_extensions==4.16.0
tzdata==2026.3
uvicorn==0.52.4
